
Microsoft Visual Studio Solution File, Format Version 12.00
# Visual Studio Version 17
VisualStudioVersion = 17.1.32407.343
MinimumVisualStudioVersion = 10.0.40219.1
Project("{FAE04EC0-301F-11D3-BF4B-00C04F79EFBC}") = "apbd_10", "apbd_10.csproj", "{2158EDF3-2F72-4D60-95E6-C35BB0BAFECF}"
EndProject
Global
	GlobalSection(SolutionConfigurationPlatforms) = preSolution
		Debug|Any CPU = Debug|Any CPU
		Release|Any CPU = Release|Any CPU
	EndGlobalSection
	GlobalSection(ProjectConfigurationPlatforms) = postSolution
		{2158EDF3-2F72-4D60-95E6-C35BB0BAFECF}.Debug|Any CPU.ActiveCfg = Debug|Any CPU
		{2158EDF3-2F72-4D60-95E6-C35BB0BAFECF}.Debug|Any CPU.Build.0 = Debug|Any CPU
		{2158EDF3-2F72-4D60-95E6-C35BB0BAFECF}.Release|Any CPU.ActiveCfg = Release|Any CPU
		{2158EDF3-2F72-4D60-95E6-C35BB0BAFECF}.Release|Any CPU.Build.0 = Release|Any CPU
	EndGlobalSection
	GlobalSection(SolutionProperties) = preSolution
		HideSolutionNode = FALSE
	EndGlobalSection
	GlobalSection(ExtensibilityGlobals) = postSolution
		SolutionGuid = {D9EF7622-DB60-4326-A931-06B50AC34783}
	EndGlobalSection
EndGlobal
